
Microsoft Visual Studio Solution File, Format Version 12.00
# Visual Studio Version 16
VisualStudioVersion = 16.0.29911.84
MinimumVisualStudioVersion = 10.0.40219.1
Project("{9092AA53-FB77-4645-B42D-1CCCA6BD08BD}") = "Backend", "Backend\Backend.njsproj", "{40088423-9835-4907-AF52-7FBFBD030D74}"
EndProject
Global
	GlobalSection(SolutionConfigurationPlatforms) = preSolution
		Debug|Any CPU = Debug|Any CPU
		Release|Any CPU = Release|Any CPU
	EndGlobalSection
	GlobalSection(ProjectConfigurationPlatforms) = postSolution
		{40088423-9835-4907-AF52-7FBFBD030D74}.Debug|Any CPU.ActiveCfg = Debug|Any CPU
		{40088423-9835-4907-AF52-7FBFBD030D74}.Debug|Any CPU.Build.0 = Debug|Any CPU
		{40088423-9835-4907-AF52-7FBFBD030D74}.Release|Any CPU.ActiveCfg = Release|Any CPU
		{40088423-9835-4907-AF52-7FBFBD030D74}.Release|Any CPU.Build.0 = Release|Any CPU
	EndGlobalSection
	GlobalSection(SolutionProperties) = preSolution
		HideSolutionNode = FALSE
	EndGlobalSection
	GlobalSection(ExtensibilityGlobals) = postSolution
		SolutionGuid = {24C9E7D3-BB35-424E-9174-2DA38EA55C2C}
	EndGlobalSection
EndGlobal
